
Microsoft Visual Studio Solution File, Format Version 12.00
# Visual Studio 15
VisualStudioVersion = 15.0.26430.6
MinimumVisualStudioVersion = 10.0.40219.1
Project("{FAE04EC0-301F-11D3-BF4B-00C04F79EFBC}") = "WantedDrums.Android", "WantedDrums\WantedDrums.Android\WantedDrums.Android.csproj", "{DD0F3D65-10CA-4AB3-A4E6-BA263F178B7A}"
EndProject
Project("{FAE04EC0-301F-11D3-BF4B-00C04F79EFBC}") = "WantedDrums", "WantedDrums\WantedDrums\WantedDrums.csproj", "{FF245341-7942-4681-B149-93A24E89FD9D}"
EndProject
Project("{FAE04EC0-301F-11D3-BF4B-00C04F79EFBC}") = "WantedDrums.UWP", "WantedDrums\WantedDrums.UWP\WantedDrums.UWP.csproj", "{B152B381-DDAC-4839-BD6B-2AF85F0D859B}"
EndProject
Project("{FAE04EC0-301F-11D3-BF4B-00C04F79EFBC}") = "WantedDrums.iOS", "WantedDrums\WantedDrums.iOS\WantedDrums.iOS.csproj", "{0157AD52-1FB5-4EF5-8373-9F345D81F562}"
EndProject
Global
	GlobalSection(SolutionConfigurationPlatforms) = preSolution
		Ad-Hoc|Any CPU = Ad-Hoc|Any CPU
		Ad-Hoc|ARM = Ad-Hoc|ARM
		Ad-Hoc|iPhone = Ad-Hoc|iPhone
		Ad-Hoc|iPhoneSimulator = Ad-Hoc|iPhoneSimulator
		Ad-Hoc|x64 = Ad-Hoc|x64
		Ad-Hoc|x86 = Ad-Hoc|x86
		AppStore|Any CPU = AppStore|Any CPU
		AppStore|ARM = AppStore|ARM
		AppStore|iPhone = AppStore|iPhone
		AppStore|iPhoneSimulator = AppStore|iPhoneSimulator
		AppStore|x64 = AppStore|x64
		AppStore|x86 = AppStore|x86
		Debug|Any CPU = Debug|Any CPU
		Debug|ARM = Debug|ARM
		Debug|iPhone = Debug|iPhone
		Debug|iPhoneSimulator = Debug|iPhoneSimulator
		Debug|x64 = Debug|x64
		Debug|x86 = Debug|x86
		Release|Any CPU = Release|Any CPU
		Release|ARM = Release|ARM
		Release|iPhone = Release|iPhone
		Release|iPhoneSimulator = Release|iPhoneSimulator
		Release|x64 = Release|x64
		Release|x86 = Release|x86
	EndGlobalSection
	GlobalSection(ProjectConfigurationPlatforms) = postSolution
		{DD0F3D65-10CA-4AB3-A4E6-BA263F178B7A}.Ad-Hoc|Any CPU.ActiveCfg = Release|Any CPU
		{DD0F3D65-10CA-4AB3-A4E6-BA263F178B7A}.Ad-Hoc|Any CPU.Build.0 = Release|Any CPU
		{DD0F3D65-10CA-4AB3-A4E6-BA263F178B7A}.Ad-Hoc|Any CPU.Deploy.0 = Release|Any CPU
		{DD0F3D65-10CA-4AB3-A4E6-BA263F178B7A}.Ad-Hoc|ARM.ActiveCfg = Release|Any CPU
		{DD0F3D65-10CA-4AB3-A4E6-BA263F178B7A}.Ad-Hoc|ARM.Build.0 = Release|Any CPU
		{DD0F3D65-10CA-4AB3-A4E6-BA263F178B7A}.Ad-Hoc|ARM.Deploy.0 = Release|Any CPU
		{DD0F3D65-10CA-4AB3-A4E6-BA263F178B7A}.Ad-Hoc|iPhone.ActiveCfg = Release|Any CPU
		{DD0F3D65-10CA-4AB3-A4E6-BA263F178B7A}.Ad-Hoc|iPhone.Build.0 = Release|Any CPU
		{DD0F3D65-10CA-4AB3-A4E6-BA263F178B7A}.Ad-Hoc|iPhone.Deploy.0 = Release|Any CPU
		{DD0F3D65-10CA-4AB3-A4E6-BA263F178B7A}.Ad-Hoc|iPhoneSimulator.ActiveCfg = Release|Any CPU
		{DD0F3D65-10CA-4AB3-A4E6-BA263F178B7A}.Ad-Hoc|iPhoneSimulator.Build.0 = Release|Any CPU
		{DD0F3D65-10CA-4AB3-A4E6-BA263F178B7A}.Ad-Hoc|iPhoneSimulator.Deploy.0 = Release|Any CPU
		{DD0F3D65-10CA-4AB3-A4E6-BA263F178B7A}.Ad-Hoc|x64.ActiveCfg = Release|Any CPU
		{DD0F3D65-10CA-4AB3-A4E6-BA263F178B7A}.Ad-Hoc|x64.Build.0 = Release|Any CPU
		{DD0F3D65-10CA-4AB3-A4E6-BA263F178B7A}.Ad-Hoc|x64.Deploy.0 = Release|Any CPU
		{DD0F3D65-10CA-4AB3-A4E6-BA263F178B7A}.Ad-Hoc|x86.ActiveCfg = Release|Any CPU
		{DD0F3D65-10CA-4AB3-A4E6-BA263F178B7A}.Ad-Hoc|x86.Build.0 = Release|Any CPU
		{DD0F3D65-10CA-4AB3-A4E6-BA263F178B7A}.Ad-Hoc|x86.Deploy.0 = Release|Any CPU
		{DD0F3D65-10CA-4AB3-A4E6-BA263F178B7A}.AppStore|Any CPU.ActiveCfg = Release|Any CPU
		{DD0F3D65-10CA-4AB3-A4E6-BA263F178B7A}.AppStore|Any CPU.Build.0 = Release|Any CPU
		{DD0F3D65-10CA-4AB3-A4E6-BA263F178B7A}.AppStore|Any CPU.Deploy.0 = Release|Any CPU
		{DD0F3D65-10CA-4AB3-A4E6-BA263F178B7A}.AppStore|ARM.ActiveCfg = Release|Any CPU
		{DD0F3D65-10CA-4AB3-A4E6-BA263F178B7A}.AppStore|ARM.Build.0 = Release|Any CPU
		{DD0F3D65-10CA-4AB3-A4E6-BA263F178B7A}.AppStore|ARM.Deploy.0 = Release|Any CPU
		{DD0F3D65-10CA-4AB3-A4E6-BA263F178B7A}.AppStore|iPhone.ActiveCfg = Release|Any CPU
		{DD0F3D65-10CA-4AB3-A4E6-BA263F178B7A}.AppStore|iPhone.Build.0 = Release|Any CPU
		{DD0F3D65-10CA-4AB3-A4E6-BA263F178B7A}.AppStore|iPhone.Deploy.0 = Release|Any CPU
		{DD0F3D65-10CA-4AB3-A4E6-BA263F178B7A}.AppStore|iPhoneSimulator.ActiveCfg = Release|Any CPU
		{DD0F3D65-10CA-4AB3-A4E6-BA263F178B7A}.AppStore|iPhoneSimulator.Build.0 = Release|Any CPU
		{DD0F3D65-10CA-4AB3-A4E6-BA263F178B7A}.AppStore|iPhoneSimulator.Deploy.0 = Release|Any CPU
		{DD0F3D65-10CA-4AB3-A4E6-BA263F178B7A}.AppStore|x64.ActiveCfg = Release|Any CPU
		{DD0F3D65-10CA-4AB3-A4E6-BA263F178B7A}.AppStore|x64.Build.0 = Release|Any CPU
		{DD0F3D65-10CA-4AB3-A4E6-BA263F178B7A}.AppStore|x64.Deploy.0 = Release|Any CPU
		{DD0F3D65-10CA-4AB3-A4E6-BA263F178B7A}.AppStore|x86.ActiveCfg = Release|Any CPU
		{DD0F3D65-10CA-4AB3-A4E6-BA263F178B7A}.AppStore|x86.Build.0 = Release|Any CPU
		{DD0F3D65-10CA-4AB3-A4E6-BA263F178B7A}.AppStore|x86.Deploy.0 = Release|Any CPU
		{DD0F3D65-10CA-4AB3-A4E6-BA263F178B7A}.Debug|Any CPU.ActiveCfg = Debug|Any CPU
		{DD0F3D65-10CA-4AB3-A4E6-BA263F178B7A}.Debug|Any CPU.Build.0 = Debug|Any CPU
		{DD0F3D65-10CA-4AB3-A4E6-BA263F178B7A}.Debug|Any CPU.Deploy.0 = Debug|Any CPU
		{DD0F3D65-10CA-4AB3-A4E6-BA263F178B7A}.Debug|ARM.ActiveCfg = Debug|Any CPU
		{DD0F3D65-10CA-4AB3-A4E6-BA263F178B7A}.Debug|ARM.Build.0 = Debug|Any CPU
		{DD0F3D65-10CA-4AB3-A4E6-BA263F178B7A}.Debug|ARM.Deploy.0 = Debug|Any CPU
		{DD0F3D65-10CA-4AB3-A4E6-BA263F178B7A}.Debug|iPhone.ActiveCfg = Debug|Any CPU
		{DD0F3D65-10CA-4AB3-A4E6-BA263F178B7A}.Debug|iPhone.Build.0 = Debug|Any CPU
		{DD0F3D65-10CA-4AB3-A4E6-BA263F178B7A}.Debug|iPhone.Deploy.0 = Debug|Any CPU
		{DD0F3D65-10CA-4AB3-A4E6-BA263F178B7A}.Debug|iPhoneSimulator.ActiveCfg = Debug|Any CPU
		{DD0F3D65-10CA-4AB3-A4E6-BA263F178B7A}.Debug|iPhoneSimulator.Build.0 = Debug|Any CPU
		{DD0F3D65-10CA-4AB3-A4E6-BA263F178B7A}.Debug|iPhoneSimulator.Deploy.0 = Debug|Any CPU
		{DD0F3D65-10CA-4AB3-A4E6-BA263F178B7A}.Debug|x64.ActiveCfg = Debug|Any CPU
		{DD0F3D65-10CA-4AB3-A4E6-BA263F178B7A}.Debug|x64.Build.0 = Debug|Any CPU
		{DD0F3D65-10CA-4AB3-A4E6-BA263F178B7A}.Debug|x64.Deploy.0 = Debug|Any CPU
		{DD0F3D65-10CA-4AB3-A4E6-BA263F178B7A}.Debug|x86.ActiveCfg = Debug|Any CPU
		{DD0F3D65-10CA-4AB3-A4E6-BA263F178B7A}.Debug|x86.Build.0 = Debug|Any CPU
		{DD0F3D65-10CA-4AB3-A4E6-BA263F178B7A}.Debug|x86.Deploy.0 = Debug|Any CPU
		{DD0F3D65-10CA-4AB3-A4E6-BA263F178B7A}.Release|Any CPU.ActiveCfg = Release|Any CPU
		{DD0F3D65-10CA-4AB3-A4E6-BA263F178B7A}.Release|Any CPU.Build.0 = Release|Any CPU
		{DD0F3D65-10CA-4AB3-A4E6-BA263F178B7A}.Release|Any CPU.Deploy.0 = Release|Any CPU
		{DD0F3D65-10CA-4AB3-A4E6-BA263F178B7A}.Release|ARM.ActiveCfg = Release|Any CPU
		{DD0F3D65-10CA-4AB3-A4E6-BA263F178B7A}.Release|ARM.Build.0 = Release|Any CPU
		{DD0F3D65-10CA-4AB3-A4E6-BA263F178B7A}.Release|ARM.Deploy.0 = Release|Any CPU
		{DD0F3D65-10CA-4AB3-A4E6-BA263F178B7A}.Release|iPhone.ActiveCfg = Release|Any CPU
		{DD0F3D65-10CA-4AB3-A4E6-BA263F178B7A}.Release|iPhone.Build.0 = Release|Any CPU
		{DD0F3D65-10CA-4AB3-A4E6-BA263F178B7A}.Release|iPhone.Deploy.0 = Release|Any CPU
		{DD0F3D65-10CA-4AB3-A4E6-BA263F178B7A}.Release|iPhoneSimulator.ActiveCfg = Release|Any CPU
		{DD0F3D65-10CA-4AB3-A4E6-BA263F178B7A}.Release|iPhoneSimulator.Build.0 = Release|Any CPU
		{DD0F3D65-10CA-4AB3-A4E6-BA263F178B7A}.Release|iPhoneSimulator.Deploy.0 = Release|Any CPU
		{DD0F3D65-10CA-4AB3-A4E6-BA263F178B7A}.Release|x64.ActiveCfg = Release|Any CPU
		{DD0F3D65-10CA-4AB3-A4E6-BA263F178B7A}.Release|x64.Build.0 = Release|Any CPU
		{DD0F3D65-10CA-4AB3-A4E6-BA263F178B7A}.Release|x64.Deploy.0 = Release|Any CPU
		{DD0F3D65-10CA-4AB3-A4E6-BA263F178B7A}.Release|x86.ActiveCfg = Release|Any CPU
		{DD0F3D65-10CA-4AB3-A4E6-BA263F178B7A}.Release|x86.Build.0 = Release|Any CPU
		{DD0F3D65-10CA-4AB3-A4E6-BA263F178B7A}.Release|x86.Deploy.0 = Release|Any CPU
		{FF245341-7942-4681-B149-93A24E89FD9D}.Ad-Hoc|Any CPU.ActiveCfg = Release|Any CPU
		{FF245341-7942-4681-B149-93A24E89FD9D}.Ad-Hoc|Any CPU.Build.0 = Release|Any CPU
		{FF245341-7942-4681-B149-93A24E89FD9D}.Ad-Hoc|ARM.ActiveCfg = Release|Any CPU
		{FF245341-7942-4681-B149-93A24E89FD9D}.Ad-Hoc|ARM.Build.0 = Release|Any CPU
		{FF245341-7942-4681-B149-93A24E89FD9D}.Ad-Hoc|iPhone.ActiveCfg = Release|Any CPU
		{FF245341-7942-4681-B149-93A24E89FD9D}.Ad-Hoc|iPhone.Build.0 = Release|Any CPU
		{FF245341-7942-4681-B149-93A24E89FD9D}.Ad-Hoc|iPhoneSimulator.ActiveCfg = Release|Any CPU
		{FF245341-7942-4681-B149-93A24E89FD9D}.Ad-Hoc|iPhoneSimulator.Build.0 = Release|Any CPU
		{FF245341-7942-4681-B149-93A24E89FD9D}.Ad-Hoc|x64.ActiveCfg = Release|Any CPU
		{FF245341-7942-4681-B149-93A24E89FD9D}.Ad-Hoc|x64.Build.0 = Release|Any CPU
		{FF245341-7942-4681-B149-93A24E89FD9D}.Ad-Hoc|x86.ActiveCfg = Release|Any CPU
		{FF245341-7942-4681-B149-93A24E89FD9D}.Ad-Hoc|x86.Build.0 = Release|Any CPU
		{FF245341-7942-4681-B149-93A24E89FD9D}.AppStore|Any CPU.ActiveCfg = Release|Any CPU
		{FF245341-7942-4681-B149-93A24E89FD9D}.AppStore|Any CPU.Build.0 = Release|Any CPU
		{FF245341-7942-4681-B149-93A24E89FD9D}.AppStore|ARM.ActiveCfg = Release|Any CPU
		{FF245341-7942-4681-B149-93A24E89FD9D}.AppStore|ARM.Build.0 = Release|Any CPU
		{FF245341-7942-4681-B149-93A24E89FD9D}.AppStore|iPhone.ActiveCfg = Release|Any CPU
		{FF245341-7942-4681-B149-93A24E89FD9D}.AppStore|iPhone.Build.0 = Release|Any CPU
		{FF245341-7942-4681-B149-93A24E89FD9D}.AppStore|iPhoneSimulator.ActiveCfg = Release|Any CPU
		{FF245341-7942-4681-B149-93A24E89FD9D}.AppStore|iPhoneSimulator.Build.0 = Release|Any CPU
		{FF245341-7942-4681-B149-93A24E89FD9D}.AppStore|x64.ActiveCfg = Release|Any CPU
		{FF245341-7942-4681-B149-93A24E89FD9D}.AppStore|x64.Build.0 = Release|Any CPU
		{FF245341-7942-4681-B149-93A24E89FD9D}.AppStore|x86.ActiveCfg = Release|Any CPU
		{FF245341-7942-4681-B149-93A24E89FD9D}.AppStore|x86.Build.0 = Release|Any CPU
		{FF245341-7942-4681-B149-93A24E89FD9D}.Debug|Any CPU.ActiveCfg = Debug|Any CPU
		{FF245341-7942-4681-B149-93A24E89FD9D}.Debug|Any CPU.Build.0 = Debug|Any CPU
		{FF245341-7942-4681-B149-93A24E89FD9D}.Debug|ARM.ActiveCfg = Debug|Any CPU
		{FF245341-7942-4681-B149-93A24E89FD9D}.Debug|ARM.Build.0 = Debug|Any CPU
		{FF245341-7942-4681-B149-93A24E89FD9D}.Debug|iPhone.ActiveCfg = Debug|Any CPU
		{FF245341-7942-4681-B149-93A24E89FD9D}.Debug|iPhone.Build.0 = Debug|Any CPU
		{FF245341-7942-4681-B149-93A24E89FD9D}.Debug|iPhoneSimulator.ActiveCfg = Debug|Any CPU
		{FF245341-7942-4681-B149-93A24E89FD9D}.Debug|iPhoneSimulator.Build.0 = Debug|Any CPU
		{FF245341-7942-4681-B149-93A24E89FD9D}.Debug|x64.ActiveCfg = Debug|Any CPU
		{FF245341-7942-4681-B149-93A24E89FD9D}.Debug|x64.Build.0 = Debug|Any CPU
		{FF245341-7942-4681-B149-93A24E89FD9D}.Debug|x86.ActiveCfg = Debug|Any CPU
		{FF245341-7942-4681-B149-93A24E89FD9D}.Debug|x86.Build.0 = Debug|Any CPU
		{FF245341-7942-4681-B149-93A24E89FD9D}.Release|Any CPU.ActiveCfg = Release|Any CPU
		{FF245341-7942-4681-B149-93A24E89FD9D}.Release|Any CPU.Build.0 = Release|Any CPU
		{FF245341-7942-4681-B149-93A24E89FD9D}.Release|ARM.ActiveCfg = Release|Any CPU
		{FF245341-7942-4681-B149-93A24E89FD9D}.Release|ARM.Build.0 = Release|Any CPU
		{FF245341-7942-4681-B149-93A24E89FD9D}.Release|iPhone.ActiveCfg = Release|Any CPU
		{FF245341-7942-4681-B149-93A24E89FD9D}.Release|iPhone.Build.0 = Release|Any CPU
		{FF245341-7942-4681-B149-93A24E89FD9D}.Release|iPhoneSimulator.ActiveCfg = Release|Any CPU
		{FF245341-7942-4681-B149-93A24E89FD9D}.Release|iPhoneSimulator.Build.0 = Release|Any CPU
		{FF245341-7942-4681-B149-93A24E89FD9D}.Release|x64.ActiveCfg = Release|Any CPU
		{FF245341-7942-4681-B149-93A24E89FD9D}.Release|x64.Build.0 = Release|Any CPU
		{FF245341-7942-4681-B149-93A24E89FD9D}.Release|x86.ActiveCfg = Release|Any CPU
		{FF245341-7942-4681-B149-93A24E89FD9D}.Release|x86.Build.0 = Release|Any CPU
		{B152B381-DDAC-4839-BD6B-2AF85F0D859B}.Ad-Hoc|Any CPU.ActiveCfg = Release|x86
		{B152B381-DDAC-4839-BD6B-2AF85F0D859B}.Ad-Hoc|Any CPU.Build.0 = Release|x86
		{B152B381-DDAC-4839-BD6B-2AF85F0D859B}.Ad-Hoc|Any CPU.Deploy.0 = Release|x86
		{B152B381-DDAC-4839-BD6B-2AF85F0D859B}.Ad-Hoc|ARM.ActiveCfg = Release|ARM
		{B152B381-DDAC-4839-BD6B-2AF85F0D859B}.Ad-Hoc|ARM.Build.0 = Release|ARM
		{B152B381-DDAC-4839-BD6B-2AF85F0D859B}.Ad-Hoc|ARM.Deploy.0 = Release|ARM
		{B152B381-DDAC-4839-BD6B-2AF85F0D859B}.Ad-Hoc|iPhone.ActiveCfg = Release|x86
		{B152B381-DDAC-4839-BD6B-2AF85F0D859B}.Ad-Hoc|iPhone.Build.0 = Release|x86
		{B152B381-DDAC-4839-BD6B-2AF85F0D859B}.Ad-Hoc|iPhone.Deploy.0 = Release|x86
		{B152B381-DDAC-4839-BD6B-2AF85F0D859B}.Ad-Hoc|iPhoneSimulator.ActiveCfg = Release|x86
		{B152B381-DDAC-4839-BD6B-2AF85F0D859B}.Ad-Hoc|iPhoneSimulator.Build.0 = Release|x86
		{B152B381-DDAC-4839-BD6B-2AF85F0D859B}.Ad-Hoc|iPhoneSimulator.Deploy.0 = Release|x86
		{B152B381-DDAC-4839-BD6B-2AF85F0D859B}.Ad-Hoc|x64.ActiveCfg = Release|x64
		{B152B381-DDAC-4839-BD6B-2AF85F0D859B}.Ad-Hoc|x64.Build.0 = Release|x64
		{B152B381-DDAC-4839-BD6B-2AF85F0D859B}.Ad-Hoc|x64.Deploy.0 = Release|x64
		{B152B381-DDAC-4839-BD6B-2AF85F0D859B}.Ad-Hoc|x86.ActiveCfg = Release|x86
		{B152B381-DDAC-4839-BD6B-2AF85F0D859B}.Ad-Hoc|x86.Build.0 = Release|x86
		{B152B381-DDAC-4839-BD6B-2AF85F0D859B}.Ad-Hoc|x86.Deploy.0 = Release|x86
		{B152B381-DDAC-4839-BD6B-2AF85F0D859B}.AppStore|Any CPU.ActiveCfg = Release|x86
		{B152B381-DDAC-4839-BD6B-2AF85F0D859B}.AppStore|Any CPU.Build.0 = Release|x86
		{B152B381-DDAC-4839-BD6B-2AF85F0D859B}.AppStore|Any CPU.Deploy.0 = Release|x86
		{B152B381-DDAC-4839-BD6B-2AF85F0D859B}.AppStore|ARM.ActiveCfg = Release|ARM
		{B152B381-DDAC-4839-BD6B-2AF85F0D859B}.AppStore|ARM.Build.0 = Release|ARM
		{B152B381-DDAC-4839-BD6B-2AF85F0D859B}.AppStore|ARM.Deploy.0 = Release|ARM
		{B152B381-DDAC-4839-BD6B-2AF85F0D859B}.AppStore|iPhone.ActiveCfg = Release|x86
		{B152B381-DDAC-4839-BD6B-2AF85F0D859B}.AppStore|iPhone.Build.0 = Release|x86
		{B152B381-DDAC-4839-BD6B-2AF85F0D859B}.AppStore|iPhone.Deploy.0 = Release|x86
		{B152B381-DDAC-4839-BD6B-2AF85F0D859B}.AppStore|iPhoneSimulator.ActiveCfg = Release|x86
		{B152B381-DDAC-4839-BD6B-2AF85F0D859B}.AppStore|iPhoneSimulator.Build.0 = Release|x86
		{B152B381-DDAC-4839-BD6B-2AF85F0D859B}.AppStore|iPhoneSimulator.Deploy.0 = Release|x86
		{B152B381-DDAC-4839-BD6B-2AF85F0D859B}.AppStore|x64.ActiveCfg = Release|x64
		{B152B381-DDAC-4839-BD6B-2AF85F0D859B}.AppStore|x64.Build.0 = Release|x64
		{B152B381-DDAC-4839-BD6B-2AF85F0D859B}.AppStore|x64.Deploy.0 = Release|x64
		{B152B381-DDAC-4839-BD6B-2AF85F0D859B}.AppStore|x86.ActiveCfg = Release|x86
		{B152B381-DDAC-4839-BD6B-2AF85F0D859B}.AppStore|x86.Build.0 = Release|x86
		{B152B381-DDAC-4839-BD6B-2AF85F0D859B}.AppStore|x86.Deploy.0 = Release|x86
		{B152B381-DDAC-4839-BD6B-2AF85F0D859B}.Debug|Any CPU.ActiveCfg = Debug|x86
		{B152B381-DDAC-4839-BD6B-2AF85F0D859B}.Debug|ARM.ActiveCfg = Debug|ARM
		{B152B381-DDAC-4839-BD6B-2AF85F0D859B}.Debug|ARM.Build.0 = Debug|ARM
		{B152B381-DDAC-4839-BD6B-2AF85F0D859B}.Debug|ARM.Deploy.0 = Debug|ARM
		{B152B381-DDAC-4839-BD6B-2AF85F0D859B}.Debug|iPhone.ActiveCfg = Debug|x86
		{B152B381-DDAC-4839-BD6B-2AF85F0D859B}.Debug|iPhoneSimulator.ActiveCfg = Debug|x86
		{B152B381-DDAC-4839-BD6B-2AF85F0D859B}.Debug|x64.ActiveCfg = Debug|x64
		{B152B381-DDAC-4839-BD6B-2AF85F0D859B}.Debug|x64.Build.0 = Debug|x64
		{B152B381-DDAC-4839-BD6B-2AF85F0D859B}.Debug|x64.Deploy.0 = Debug|x64
		{B152B381-DDAC-4839-BD6B-2AF85F0D859B}.Debug|x86.ActiveCfg = Debug|x86
		{B152B381-DDAC-4839-BD6B-2AF85F0D859B}.Debug|x86.Build.0 = Debug|x86
		{B152B381-DDAC-4839-BD6B-2AF85F0D859B}.Debug|x86.Deploy.0 = Debug|x86
		{B152B381-DDAC-4839-BD6B-2AF85F0D859B}.Release|Any CPU.ActiveCfg = Release|x86
		{B152B381-DDAC-4839-BD6B-2AF85F0D859B}.Release|ARM.ActiveCfg = Release|ARM
		{B152B381-DDAC-4839-BD6B-2AF85F0D859B}.Release|ARM.Build.0 = Release|ARM
		{B152B381-DDAC-4839-BD6B-2AF85F0D859B}.Release|ARM.Deploy.0 = Release|ARM
		{B152B381-DDAC-4839-BD6B-2AF85F0D859B}.Release|iPhone.ActiveCfg = Release|x86
		{B152B381-DDAC-4839-BD6B-2AF85F0D859B}.Release|iPhoneSimulator.ActiveCfg = Release|x86
		{B152B381-DDAC-4839-BD6B-2AF85F0D859B}.Release|x64.ActiveCfg = Release|x64
		{B152B381-DDAC-4839-BD6B-2AF85F0D859B}.Release|x64.Build.0 = Release|x64
		{B152B381-DDAC-4839-BD6B-2AF85F0D859B}.Release|x64.Deploy.0 = Release|x64
		{B152B381-DDAC-4839-BD6B-2AF85F0D859B}.Release|x86.ActiveCfg = Release|x86
		{B152B381-DDAC-4839-BD6B-2AF85F0D859B}.Release|x86.Build.0 = Release|x86
		{B152B381-DDAC-4839-BD6B-2AF85F0D859B}.Release|x86.Deploy.0 = Release|x86
		{0157AD52-1FB5-4EF5-8373-9F345D81F562}.Ad-Hoc|Any CPU.ActiveCfg = Ad-Hoc|iPhone
		{0157AD52-1FB5-4EF5-8373-9F345D81F562}.Ad-Hoc|ARM.ActiveCfg = Ad-Hoc|iPhone
		{0157AD52-1FB5-4EF5-8373-9F345D81F562}.Ad-Hoc|iPhone.ActiveCfg = Ad-Hoc|iPhone
		{0157AD52-1FB5-4EF5-8373-9F345D81F562}.Ad-Hoc|iPhone.Build.0 = Ad-Hoc|iPhone
		{0157AD52-1FB5-4EF5-8373-9F345D81F562}.Ad-Hoc|iPhoneSimulator.ActiveCfg = Ad-Hoc|iPhoneSimulator
		{0157AD52-1FB5-4EF5-8373-9F345D81F562}.Ad-Hoc|iPhoneSimulator.Build.0 = Ad-Hoc|iPhoneSimulator
		{0157AD52-1FB5-4EF5-8373-9F345D81F562}.Ad-Hoc|x64.ActiveCfg = Ad-Hoc|iPhone
		{0157AD52-1FB5-4EF5-8373-9F345D81F562}.Ad-Hoc|x86.ActiveCfg = Ad-Hoc|iPhone
		{0157AD52-1FB5-4EF5-8373-9F345D81F562}.AppStore|Any CPU.ActiveCfg = AppStore|iPhone
		{0157AD52-1FB5-4EF5-8373-9F345D81F562}.AppStore|ARM.ActiveCfg = AppStore|iPhone
		{0157AD52-1FB5-4EF5-8373-9F345D81F562}.AppStore|iPhone.ActiveCfg = AppStore|iPhone
		{0157AD52-1FB5-4EF5-8373-9F345D81F562}.AppStore|iPhone.Build.0 = AppStore|iPhone
		{0157AD52-1FB5-4EF5-8373-9F345D81F562}.AppStore|iPhoneSimulator.ActiveCfg = AppStore|iPhoneSimulator
		{0157AD52-1FB5-4EF5-8373-9F345D81F562}.AppStore|iPhoneSimulator.Build.0 = AppStore|iPhoneSimulator
		{0157AD52-1FB5-4EF5-8373-9F345D81F562}.AppStore|x64.ActiveCfg = AppStore|iPhone
		{0157AD52-1FB5-4EF5-8373-9F345D81F562}.AppStore|x86.ActiveCfg = AppStore|iPhone
		{0157AD52-1FB5-4EF5-8373-9F345D81F562}.Debug|Any CPU.ActiveCfg = Debug|iPhone
		{0157AD52-1FB5-4EF5-8373-9F345D81F562}.Debug|ARM.ActiveCfg = Debug|iPhone
		{0157AD52-1FB5-4EF5-8373-9F345D81F562}.Debug|iPhone.ActiveCfg = Debug|iPhone
		{0157AD52-1FB5-4EF5-8373-9F345D81F562}.Debug|iPhone.Build.0 = Debug|iPhone
		{0157AD52-1FB5-4EF5-8373-9F345D81F562}.Debug|iPhoneSimulator.ActiveCfg = Debug|iPhoneSimulator
		{0157AD52-1FB5-4EF5-8373-9F345D81F562}.Debug|iPhoneSimulator.Build.0 = Debug|iPhoneSimulator
		{0157AD52-1FB5-4EF5-8373-9F345D81F562}.Debug|x64.ActiveCfg = Debug|iPhone
		{0157AD52-1FB5-4EF5-8373-9F345D81F562}.Debug|x86.ActiveCfg = Debug|iPhone
		{0157AD52-1FB5-4EF5-8373-9F345D81F562}.Release|Any CPU.ActiveCfg = Release|iPhone
		{0157AD52-1FB5-4EF5-8373-9F345D81F562}.Release|ARM.ActiveCfg = Release|iPhone
		{0157AD52-1FB5-4EF5-8373-9F345D81F562}.Release|iPhone.ActiveCfg = Release|iPhone
		{0157AD52-1FB5-4EF5-8373-9F345D81F562}.Release|iPhone.Build.0 = Release|iPhone
		{0157AD52-1FB5-4EF5-8373-9F345D81F562}.Release|iPhoneSimulator.ActiveCfg = Release|iPhoneSimulator
		{0157AD52-1FB5-4EF5-8373-9F345D81F562}.Release|iPhoneSimulator.Build.0 = Release|iPhoneSimulator
		{0157AD52-1FB5-4EF5-8373-9F345D81F562}.Release|x64.ActiveCfg = Release|iPhone
		{0157AD52-1FB5-4EF5-8373-9F345D81F562}.Release|x86.ActiveCfg = Release|iPhone
	EndGlobalSection
	GlobalSection(SolutionProperties) = preSolution
		HideSolutionNode = FALSE
	EndGlobalSection
EndGlobal
